<Solution>
  <Project Path="AIApi/AIApi.csproj" Id="df2b2164-1307-430b-91df-d6558be5d5f9" />
  <Project Path="AITestingApp/AITestingApp.csproj" Id="ac1e8e1e-6a4b-48c0-aa4e-4c5a5c5d1ae0" />
  <Project Path="EmbeddedAILibrary/EmbeddedAILibrary.csproj" />
  <Project Path="WpfAIApp/WpfAIApp.csproj" Id="4f05f447-25bf-4060-b309-80a289548bd2" />
</Solution>
